
Microsoft Visual Studio Solution File, Format Version 12.00
# Visual Studio Version 16
VisualStudioVersion = 16.0.31112.23
MinimumVisualStudioVersion = 10.0.40219.1
Project("{FAE04EC0-301F-11D3-BF4B-00C04F79EFBC}") = "PropertyManagement", "PropertyManagement\PropertyManagement.csproj", "{36DDEAE7-73F0-4AF4-8789-13415B98A49C}"
EndProject
Global
	GlobalSection(SolutionConfigurationPlatforms) = preSolution
		Debug|Any CPU = Debug|Any CPU
		Release|Any CPU = Release|Any CPU
	EndGlobalSection
	GlobalSection(ProjectConfigurationPlatforms) = postSolution
		{36DDEAE7-73F0-4AF4-8789-13415B98A49C}.Debug|Any CPU.ActiveCfg = Debug|Any CPU
		{36DDEAE7-73F0-4AF4-8789-13415B98A49C}.Debug|Any CPU.Build.0 = Debug|Any CPU
		{36DDEAE7-73F0-4AF4-8789-13415B98A49C}.Release|Any CPU.ActiveCfg = Release|Any CPU
		{36DDEAE7-73F0-4AF4-8789-13415B98A49C}.Release|Any CPU.Build.0 = Release|Any CPU
	EndGlobalSection
	GlobalSection(SolutionProperties) = preSolution
		HideSolutionNode = FALSE
	EndGlobalSection
	GlobalSection(ExtensibilityGlobals) = postSolution
		SolutionGuid = {DD6FEF83-ECC2-498E-9B48-411582433643}
	EndGlobalSection
EndGlobal
